
Microsoft Visual Studio Solution File, Format Version 12.00
# Visual Studio Version 16
VisualStudioVersion = 16.0.29728.190
MinimumVisualStudioVersion = 10.0.40219.1
Project("{FAE04EC0-301F-11D3-BF4B-00C04F79EFBC}") = "SampleForHttpClientFactory", "SampleForHttpClientFactory\SampleForHttpClientFactory.csproj", "{CEB60052-643E-4B4E-9738-6C2EBAF58FF3}"
EndProject
Global
	GlobalSection(SolutionConfigurationPlatforms) = preSolution
		Debug|Any CPU = Debug|Any CPU
		Release|Any CPU = Release|Any CPU
	EndGlobalSection
	GlobalSection(ProjectConfigurationPlatforms) = postSolution
		{CEB60052-643E-4B4E-9738-6C2EBAF58FF3}.Debug|Any CPU.ActiveCfg = Debug|Any CPU
		{CEB60052-643E-4B4E-9738-6C2EBAF58FF3}.Debug|Any CPU.Build.0 = Debug|Any CPU
		{CEB60052-643E-4B4E-9738-6C2EBAF58FF3}.Release|Any CPU.ActiveCfg = Release|Any CPU
		{CEB60052-643E-4B4E-9738-6C2EBAF58FF3}.Release|Any CPU.Build.0 = Release|Any CPU
	EndGlobalSection
	GlobalSection(SolutionProperties) = preSolution
		HideSolutionNode = FALSE
	EndGlobalSection
	GlobalSection(ExtensibilityGlobals) = postSolution
		SolutionGuid = {EB8CA2DC-DFE3-42B0-9499-8693806E242E}
	EndGlobalSection
EndGlobal
